
Microsoft Visual Studio Solution File, Format Version 12.00
# Visual Studio Express 2012 for Windows Desktop
Project("{FAE04EC0-301F-11D3-BF4B-00C04F79EFBC}") = "Sistock 1.2 (Estoque de Produtos)", "Sistock 1.2 (Estoque de Produtos)\Sistock 1.2 (Estoque de Produtos).csproj", "{EB17968B-C4A7-4AEB-A6F6-2AB40A8012E2}"
EndProject
Global
	GlobalSection(SolutionConfigurationPlatforms) = preSolution
		Debug|Any CPU = Debug|Any CPU
		Release|Any CPU = Release|Any CPU
	EndGlobalSection
	GlobalSection(ProjectConfigurationPlatforms) = postSolution
		{EB17968B-C4A7-4AEB-A6F6-2AB40A8012E2}.Debug|Any CPU.ActiveCfg = Debug|Any CPU
		{EB17968B-C4A7-4AEB-A6F6-2AB40A8012E2}.Debug|Any CPU.Build.0 = Debug|Any CPU
		{EB17968B-C4A7-4AEB-A6F6-2AB40A8012E2}.Release|Any CPU.ActiveCfg = Release|Any CPU
		{EB17968B-C4A7-4AEB-A6F6-2AB40A8012E2}.Release|Any CPU.Build.0 = Release|Any CPU
	EndGlobalSection
	GlobalSection(SolutionProperties) = preSolution
		HideSolutionNode = FALSE
	EndGlobalSection
EndGlobal
